
Microsoft Visual Studio Solution File, Format Version 12.00
# Visual Studio Version 17
VisualStudioVersion = 17.0.31903.59
MinimumVisualStudioVersion = 10.0.40219.1
Project("{2150E333-8FDC-42A3-9474-1A3956D46DE8}") = "src", "src", "{827E0CD3-B72D-47B6-A68D-7590B98EB39B}"
EndProject
Project("{FAE04EC0-301F-11D3-BF4B-00C04F79EFBC}") = "API", "src\API\API.csproj", "{8D89B383-BC70-4CB0-B933-050F8EEE40C5}"
EndProject
Project("{FAE04EC0-301F-11D3-BF4B-00C04F79EFBC}") = "Application", "src\Application\Application.csproj", "{EB20B794-8F35-4B7F-91AD-BAAB4F366A51}"
EndProject
Project("{FAE04EC0-301F-11D3-BF4B-00C04F79EFBC}") = "Domain", "src\Domain\Domain.csproj", "{EF113B24-B971-439F-9F67-CD44838E0966}"
EndProject
Project("{FAE04EC0-301F-11D3-BF4B-00C04F79EFBC}") = "Infrastructure", "src\Infrastructure\Infrastructure.csproj", "{8058B344-47BF-4C58-BB2E-7A7242312196}"
EndProject
Project("{2150E333-8FDC-42A3-9474-1A3956D46DE8}") = "tests", "tests", "{0AB3BF05-4346-4AA6-1389-037BE0695223}"
EndProject
Project("{FAE04EC0-301F-11D3-BF4B-00C04F79EFBC}") = "UnitTests", "tests\UnitTests\UnitTests.csproj", "{E15DE8EC-8C51-4561-88FB-F81F0C8CD904}"
EndProject
Project("{FAE04EC0-301F-11D3-BF4B-00C04F79EFBC}") = "IntegrationTests", "tests\IntegrationTests\IntegrationTests.csproj", "{4450D87B-3B48-4093-8419-739FF74E43A2}"
EndProject
Global
	GlobalSection(SolutionConfigurationPlatforms) = preSolution
		Debug|Any CPU = Debug|Any CPU
		Debug|x64 = Debug|x64
		Debug|x86 = Debug|x86
		Release|Any CPU = Release|Any CPU
		Release|x64 = Release|x64
		Release|x86 = Release|x86
	EndGlobalSection
	GlobalSection(ProjectConfigurationPlatforms) = postSolution
		{8D89B383-BC70-4CB0-B933-050F8EEE40C5}.Debug|Any CPU.ActiveCfg = Debug|Any CPU
		{8D89B383-BC70-4CB0-B933-050F8EEE40C5}.Debug|Any CPU.Build.0 = Debug|Any CPU
		{8D89B383-BC70-4CB0-B933-050F8EEE40C5}.Debug|x64.ActiveCfg = Debug|Any CPU
		{8D89B383-BC70-4CB0-B933-050F8EEE40C5}.Debug|x64.Build.0 = Debug|Any CPU
		{8D89B383-BC70-4CB0-B933-050F8EEE40C5}.Debug|x86.ActiveCfg = Debug|Any CPU
		{8D89B383-BC70-4CB0-B933-050F8EEE40C5}.Debug|x86.Build.0 = Debug|Any CPU
		{8D89B383-BC70-4CB0-B933-050F8EEE40C5}.Release|Any CPU.ActiveCfg = Release|Any CPU
		{8D89B383-BC70-4CB0-B933-050F8EEE40C5}.Release|Any CPU.Build.0 = Release|Any CPU
		{8D89B383-BC70-4CB0-B933-050F8EEE40C5}.Release|x64.ActiveCfg = Release|Any CPU
		{8D89B383-BC70-4CB0-B933-050F8EEE40C5}.Release|x64.Build.0 = Release|Any CPU
		{8D89B383-BC70-4CB0-B933-050F8EEE40C5}.Release|x86.ActiveCfg = Release|Any CPU
		{8D89B383-BC70-4CB0-B933-050F8EEE40C5}.Release|x86.Build.0 = Release|Any CPU
		{EB20B794-8F35-4B7F-91AD-BAAB4F366A51}.Debug|Any CPU.ActiveCfg = Debug|Any CPU
		{EB20B794-8F35-4B7F-91AD-BAAB4F366A51}.Debug|Any CPU.Build.0 = Debug|Any CPU
		{EB20B794-8F35-4B7F-91AD-BAAB4F366A51}.Debug|x64.ActiveCfg = Debug|Any CPU
		{EB20B794-8F35-4B7F-91AD-BAAB4F366A51}.Debug|x64.Build.0 = Debug|Any CPU
		{EB20B794-8F35-4B7F-91AD-BAAB4F366A51}.Debug|x86.ActiveCfg = Debug|Any CPU
		{EB20B794-8F35-4B7F-91AD-BAAB4F366A51}.Debug|x86.Build.0 = Debug|Any CPU
		{EB20B794-8F35-4B7F-91AD-BAAB4F366A51}.Release|Any CPU.ActiveCfg = Release|Any CPU
		{EB20B794-8F35-4B7F-91AD-BAAB4F366A51}.Release|Any CPU.Build.0 = Release|Any CPU
		{EB20B794-8F35-4B7F-91AD-BAAB4F366A51}.Release|x64.ActiveCfg = Release|Any CPU
		{EB20B794-8F35-4B7F-91AD-BAAB4F366A51}.Release|x64.Build.0 = Release|Any CPU
		{EB20B794-8F35-4B7F-91AD-BAAB4F366A51}.Release|x86.ActiveCfg = Release|Any CPU
		{EB20B794-8F35-4B7F-91AD-BAAB4F366A51}.Release|x86.Build.0 = Release|Any CPU
		{EF113B24-B971-439F-9F67-CD44838E0966}.Debug|Any CPU.ActiveCfg = Debug|Any CPU
		{EF113B24-B971-439F-9F67-CD44838E0966}.Debug|Any CPU.Build.0 = Debug|Any CPU
		{EF113B24-B971-439F-9F67-CD44838E0966}.Debug|x64.ActiveCfg = Debug|Any CPU
		{EF113B24-B971-439F-9F67-CD44838E0966}.Debug|x64.Build.0 = Debug|Any CPU
		{EF113B24-B971-439F-9F67-CD44838E0966}.Debug|x86.ActiveCfg = Debug|Any CPU
		{EF113B24-B971-439F-9F67-CD44838E0966}.Debug|x86.Build.0 = Debug|Any CPU
		{EF113B24-B971-439F-9F67-CD44838E0966}.Release|Any CPU.ActiveCfg = Release|Any CPU
		{EF113B24-B971-439F-9F67-CD44838E0966}.Release|Any CPU.Build.0 = Release|Any CPU
		{EF113B24-B971-439F-9F67-CD44838E0966}.Release|x64.ActiveCfg = Release|Any CPU
		{EF113B24-B971-439F-9F67-CD44838E0966}.Release|x64.Build.0 = Release|Any CPU
		{EF113B24-B971-439F-9F67-CD44838E0966}.Release|x86.ActiveCfg = Release|Any CPU
		{EF113B24-B971-439F-9F67-CD44838E0966}.Release|x86.Build.0 = Release|Any CPU
		{8058B344-47BF-4C58-BB2E-7A7242312196}.Debug|Any CPU.ActiveCfg = Debug|Any CPU
		{8058B344-47BF-4C58-BB2E-7A7242312196}.Debug|Any CPU.Build.0 = Debug|Any CPU
		{8058B344-47BF-4C58-BB2E-7A7242312196}.Debug|x64.ActiveCfg = Debug|Any CPU
		{8058B344-47BF-4C58-BB2E-7A7242312196}.Debug|x64.Build.0 = Debug|Any CPU
		{8058B344-47BF-4C58-BB2E-7A7242312196}.Debug|x86.ActiveCfg = Debug|Any CPU
		{8058B344-47BF-4C58-BB2E-7A7242312196}.Debug|x86.Build.0 = Debug|Any CPU
		{8058B344-47BF-4C58-BB2E-7A7242312196}.Release|Any CPU.ActiveCfg = Release|Any CPU
		{8058B344-47BF-4C58-BB2E-7A7242312196}.Release|Any CPU.Build.0 = Release|Any CPU
		{8058B344-47BF-4C58-BB2E-7A7242312196}.Release|x64.ActiveCfg = Release|Any CPU
		{8058B344-47BF-4C58-BB2E-7A7242312196}.Release|x64.Build.0 = Release|Any CPU
		{8058B344-47BF-4C58-BB2E-7A7242312196}.Release|x86.ActiveCfg = Release|Any CPU
		{8058B344-47BF-4C58-BB2E-7A7242312196}.Release|x86.Build.0 = Release|Any CPU
		{E15DE8EC-8C51-4561-88FB-F81F0C8CD904}.Debug|Any CPU.ActiveCfg = Debug|Any CPU
		{E15DE8EC-8C51-4561-88FB-F81F0C8CD904}.Debug|Any CPU.Build.0 = Debug|Any CPU
		{E15DE8EC-8C51-4561-88FB-F81F0C8CD904}.Debug|x64.ActiveCfg = Debug|Any CPU
		{E15DE8EC-8C51-4561-88FB-F81F0C8CD904}.Debug|x64.Build.0 = Debug|Any CPU
		{E15DE8EC-8C51-4561-88FB-F81F0C8CD904}.Debug|x86.ActiveCfg = Debug|Any CPU
		{E15DE8EC-8C51-4561-88FB-F81F0C8CD904}.Debug|x86.Build.0 = Debug|Any CPU
		{E15DE8EC-8C51-4561-88FB-F81F0C8CD904}.Release|Any CPU.ActiveCfg = Release|Any CPU
		{E15DE8EC-8C51-4561-88FB-F81F0C8CD904}.Release|Any CPU.Build.0 = Release|Any CPU
		{E15DE8EC-8C51-4561-88FB-F81F0C8CD904}.Release|x64.ActiveCfg = Release|Any CPU
		{E15DE8EC-8C51-4561-88FB-F81F0C8CD904}.Release|x64.Build.0 = Release|Any CPU
		{E15DE8EC-8C51-4561-88FB-F81F0C8CD904}.Release|x86.ActiveCfg = Release|Any CPU
		{E15DE8EC-8C51-4561-88FB-F81F0C8CD904}.Release|x86.Build.0 = Release|Any CPU
		{4450D87B-3B48-4093-8419-739FF74E43A2}.Debug|Any CPU.ActiveCfg = Debug|Any CPU
		{4450D87B-3B48-4093-8419-739FF74E43A2}.Debug|Any CPU.Build.0 = Debug|Any CPU
		{4450D87B-3B48-4093-8419-739FF74E43A2}.Debug|x64.ActiveCfg = Debug|Any CPU
		{4450D87B-3B48-4093-8419-739FF74E43A2}.Debug|x64.Build.0 = Debug|Any CPU
		{4450D87B-3B48-4093-8419-739FF74E43A2}.Debug|x86.ActiveCfg = Debug|Any CPU
		{4450D87B-3B48-4093-8419-739FF74E43A2}.Debug|x86.Build.0 = Debug|Any CPU
		{4450D87B-3B48-4093-8419-739FF74E43A2}.Release|Any CPU.ActiveCfg = Release|Any CPU
		{4450D87B-3B48-4093-8419-739FF74E43A2}.Release|Any CPU.Build.0 = Release|Any CPU
		{4450D87B-3B48-4093-8419-739FF74E43A2}.Release|x64.ActiveCfg = Release|Any CPU
		{4450D87B-3B48-4093-8419-739FF74E43A2}.Release|x64.Build.0 = Release|Any CPU
		{4450D87B-3B48-4093-8419-739FF74E43A2}.Release|x86.ActiveCfg = Release|Any CPU
		{4450D87B-3B48-4093-8419-739FF74E43A2}.Release|x86.Build.0 = Release|Any CPU
	EndGlobalSection
	GlobalSection(SolutionProperties) = preSolution
		HideSolutionNode = FALSE
	EndGlobalSection
	GlobalSection(NestedProjects) = preSolution
		{8D89B383-BC70-4CB0-B933-050F8EEE40C5} = {827E0CD3-B72D-47B6-A68D-7590B98EB39B}
		{EB20B794-8F35-4B7F-91AD-BAAB4F366A51} = {827E0CD3-B72D-47B6-A68D-7590B98EB39B}
		{EF113B24-B971-439F-9F67-CD44838E0966} = {827E0CD3-B72D-47B6-A68D-7590B98EB39B}
		{8058B344-47BF-4C58-BB2E-7A7242312196} = {827E0CD3-B72D-47B6-A68D-7590B98EB39B}
		{E15DE8EC-8C51-4561-88FB-F81F0C8CD904} = {0AB3BF05-4346-4AA6-1389-037BE0695223}
		{4450D87B-3B48-4093-8419-739FF74E43A2} = {0AB3BF05-4346-4AA6-1389-037BE0695223}
	EndGlobalSection
EndGlobal
